
Microsoft Visual Studio Solution File, Format Version 12.00
# Visual Studio Version 16
VisualStudioVersion = 16.0.30611.23
MinimumVisualStudioVersion = 10.0.40219.1
Project("{FAE04EC0-301F-11D3-BF4B-00C04F79EFBC}") = "ReadWriteAppBE", "ReadWriteAppBE\ReadWriteAppBE.csproj", "{590D2B1F-0E0C-4691-9011-8372857AABE8}"
EndProject
Global
	GlobalSection(SolutionConfigurationPlatforms) = preSolution
		Debug|Any CPU = Debug|Any CPU
		Release|Any CPU = Release|Any CPU
	EndGlobalSection
	GlobalSection(ProjectConfigurationPlatforms) = postSolution
		{590D2B1F-0E0C-4691-9011-8372857AABE8}.Debug|Any CPU.ActiveCfg = Debug|Any CPU
		{590D2B1F-0E0C-4691-9011-8372857AABE8}.Debug|Any CPU.Build.0 = Debug|Any CPU
		{590D2B1F-0E0C-4691-9011-8372857AABE8}.Release|Any CPU.ActiveCfg = Release|Any CPU
		{590D2B1F-0E0C-4691-9011-8372857AABE8}.Release|Any CPU.Build.0 = Release|Any CPU
	EndGlobalSection
	GlobalSection(SolutionProperties) = preSolution
		HideSolutionNode = FALSE
	EndGlobalSection
	GlobalSection(ExtensibilityGlobals) = postSolution
		SolutionGuid = {8C24BB51-0D7E-4D5C-9613-142096CDA65B}
	EndGlobalSection
EndGlobal
